
Microsoft Visual Studio Solution File, Format Version 12.00
# Visual Studio Version 16
VisualStudioVersion = 16.0.28922.388
MinimumVisualStudioVersion = 10.0.40219.1
Project("{FAE04EC0-301F-11D3-BF4B-00C04F79EFBC}") = "Exceptions", "Exceptions\Exceptions.csproj", "{E44CCD59-F402-4EAF-A6EE-69DE6F4B42F5}"
EndProject
Project("{FAE04EC0-301F-11D3-BF4B-00C04F79EFBC}") = "ControllerLayer", "Controller\ControllerLayer.csproj", "{88477655-3CD8-43C4-B767-055538A76166}"
EndProject
Project("{FAE04EC0-301F-11D3-BF4B-00C04F79EFBC}") = "Model", "Model\Model.csproj", "{48E4F8E5-2D1B-4BFA-A429-1EC2097F9BFC}"
EndProject
Project("{FAE04EC0-301F-11D3-BF4B-00C04F79EFBC}") = "View", "View\View.csproj", "{ACE907B7-F25A-49FC-9EF0-521ADE3A826A}"
EndProject
Project("{FAE04EC0-301F-11D3-BF4B-00C04F79EFBC}") = "MediaService", "MediaService\MediaService.csproj", "{1A932FF1-F324-4957-A8F2-D515C6985EAB}"
EndProject
Project("{FAE04EC0-301F-11D3-BF4B-00C04F79EFBC}") = "UserWSService", "UserWSService\UserWSService.csproj", "{4FCE3441-4C66-447C-923B-6935CFA80E50}"
EndProject
Global
	GlobalSection(SolutionConfigurationPlatforms) = preSolution
		Debug|Any CPU = Debug|Any CPU
		Release|Any CPU = Release|Any CPU
	EndGlobalSection
	GlobalSection(ProjectConfigurationPlatforms) = postSolution
		{E44CCD59-F402-4EAF-A6EE-69DE6F4B42F5}.Debug|Any CPU.ActiveCfg = Debug|Any CPU
		{E44CCD59-F402-4EAF-A6EE-69DE6F4B42F5}.Debug|Any CPU.Build.0 = Debug|Any CPU
		{E44CCD59-F402-4EAF-A6EE-69DE6F4B42F5}.Release|Any CPU.ActiveCfg = Release|Any CPU
		{E44CCD59-F402-4EAF-A6EE-69DE6F4B42F5}.Release|Any CPU.Build.0 = Release|Any CPU
		{88477655-3CD8-43C4-B767-055538A76166}.Debug|Any CPU.ActiveCfg = Debug|Any CPU
		{88477655-3CD8-43C4-B767-055538A76166}.Debug|Any CPU.Build.0 = Debug|Any CPU
		{88477655-3CD8-43C4-B767-055538A76166}.Release|Any CPU.ActiveCfg = Release|Any CPU
		{88477655-3CD8-43C4-B767-055538A76166}.Release|Any CPU.Build.0 = Release|Any CPU
		{48E4F8E5-2D1B-4BFA-A429-1EC2097F9BFC}.Debug|Any CPU.ActiveCfg = Debug|Any CPU
		{48E4F8E5-2D1B-4BFA-A429-1EC2097F9BFC}.Debug|Any CPU.Build.0 = Debug|Any CPU
		{48E4F8E5-2D1B-4BFA-A429-1EC2097F9BFC}.Release|Any CPU.ActiveCfg = Release|Any CPU
		{48E4F8E5-2D1B-4BFA-A429-1EC2097F9BFC}.Release|Any CPU.Build.0 = Release|Any CPU
		{ACE907B7-F25A-49FC-9EF0-521ADE3A826A}.Debug|Any CPU.ActiveCfg = Debug|Any CPU
		{ACE907B7-F25A-49FC-9EF0-521ADE3A826A}.Debug|Any CPU.Build.0 = Debug|Any CPU
		{ACE907B7-F25A-49FC-9EF0-521ADE3A826A}.Release|Any CPU.ActiveCfg = Release|Any CPU
		{ACE907B7-F25A-49FC-9EF0-521ADE3A826A}.Release|Any CPU.Build.0 = Release|Any CPU
		{1A932FF1-F324-4957-A8F2-D515C6985EAB}.Debug|Any CPU.ActiveCfg = Debug|Any CPU
		{1A932FF1-F324-4957-A8F2-D515C6985EAB}.Debug|Any CPU.Build.0 = Debug|Any CPU
		{1A932FF1-F324-4957-A8F2-D515C6985EAB}.Release|Any CPU.ActiveCfg = Release|Any CPU
		{1A932FF1-F324-4957-A8F2-D515C6985EAB}.Release|Any CPU.Build.0 = Release|Any CPU
		{4FCE3441-4C66-447C-923B-6935CFA80E50}.Debug|Any CPU.ActiveCfg = Debug|Any CPU
		{4FCE3441-4C66-447C-923B-6935CFA80E50}.Debug|Any CPU.Build.0 = Debug|Any CPU
		{4FCE3441-4C66-447C-923B-6935CFA80E50}.Release|Any CPU.ActiveCfg = Release|Any CPU
		{4FCE3441-4C66-447C-923B-6935CFA80E50}.Release|Any CPU.Build.0 = Release|Any CPU
	EndGlobalSection
	GlobalSection(SolutionProperties) = preSolution
		HideSolutionNode = FALSE
	EndGlobalSection
	GlobalSection(ExtensibilityGlobals) = postSolution
		SolutionGuid = {EB4A1D38-4BED-419B-9B64-3D64FE430DA2}
	EndGlobalSection
EndGlobal
