
Microsoft Visual Studio Solution File, Format Version 12.00
# Visual Studio 14
VisualStudioVersion = 14.0.25420.1
MinimumVisualStudioVersion = 10.0.40219.1
Project("{FAE04EC0-301F-11D3-BF4B-00C04F79EFBC}") = "Exceptions", "Exceptions\Exceptions.csproj", "{E44CCD59-F402-4EAF-A6EE-69DE6F4B42F5}"
EndProject
Project("{FAE04EC0-301F-11D3-BF4B-00C04F79EFBC}") = "ControllerLayer", "Controller\ControllerLayer.csproj", "{88477655-3CD8-43C4-B767-055538A76166}"
EndProject
Project("{FAE04EC0-301F-11D3-BF4B-00C04F79EFBC}") = "Model", "Model\Model.csproj", "{48E4F8E5-2D1B-4BFA-A429-1EC2097F9BFC}"
EndProject
Project("{FAE04EC0-301F-11D3-BF4B-00C04F79EFBC}") = "View", "View\View.csproj", "{27C059F4-C22B-4B92-9047-34FBC4009936}"
EndProject
Global
	GlobalSection(SolutionConfigurationPlatforms) = preSolution
		Debug|Any CPU = Debug|Any CPU
		Release|Any CPU = Release|Any CPU
	EndGlobalSection
	GlobalSection(ProjectConfigurationPlatforms) = postSolution
		{E44CCD59-F402-4EAF-A6EE-69DE6F4B42F5}.Debug|Any CPU.ActiveCfg = Debug|Any CPU
		{E44CCD59-F402-4EAF-A6EE-69DE6F4B42F5}.Debug|Any CPU.Build.0 = Debug|Any CPU
		{E44CCD59-F402-4EAF-A6EE-69DE6F4B42F5}.Release|Any CPU.ActiveCfg = Release|Any CPU
		{E44CCD59-F402-4EAF-A6EE-69DE6F4B42F5}.Release|Any CPU.Build.0 = Release|Any CPU
		{88477655-3CD8-43C4-B767-055538A76166}.Debug|Any CPU.ActiveCfg = Debug|Any CPU
		{88477655-3CD8-43C4-B767-055538A76166}.Debug|Any CPU.Build.0 = Debug|Any CPU
		{88477655-3CD8-43C4-B767-055538A76166}.Release|Any CPU.ActiveCfg = Release|Any CPU
		{88477655-3CD8-43C4-B767-055538A76166}.Release|Any CPU.Build.0 = Release|Any CPU
		{48E4F8E5-2D1B-4BFA-A429-1EC2097F9BFC}.Debug|Any CPU.ActiveCfg = Debug|Any CPU
		{48E4F8E5-2D1B-4BFA-A429-1EC2097F9BFC}.Debug|Any CPU.Build.0 = Debug|Any CPU
		{48E4F8E5-2D1B-4BFA-A429-1EC2097F9BFC}.Release|Any CPU.ActiveCfg = Release|Any CPU
		{48E4F8E5-2D1B-4BFA-A429-1EC2097F9BFC}.Release|Any CPU.Build.0 = Release|Any CPU
		{27C059F4-C22B-4B92-9047-34FBC4009936}.Debug|Any CPU.ActiveCfg = Debug|Any CPU
		{27C059F4-C22B-4B92-9047-34FBC4009936}.Debug|Any CPU.Build.0 = Debug|Any CPU
		{27C059F4-C22B-4B92-9047-34FBC4009936}.Release|Any CPU.ActiveCfg = Release|Any CPU
		{27C059F4-C22B-4B92-9047-34FBC4009936}.Release|Any CPU.Build.0 = Release|Any CPU
	EndGlobalSection
	GlobalSection(SolutionProperties) = preSolution
		HideSolutionNode = FALSE
	EndGlobalSection
EndGlobal
